
Microsoft Visual Studio Solution File, Format Version 12.00
# Visual Studio Version 17
VisualStudioVersion = 17.2.32630.192
MinimumVisualStudioVersion = 10.0.40219.1
Project("{9A19103F-16F7-4668-BE54-9A1E7A4F7556}") = "SalesAssociateBlazorSPA.Server", "SalesAssociateBlazorSPA\Server\SalesAssociateBlazorSPA.Server.csproj", "{ADB2F71A-ECB4-47A8-93BD-B7239017B5BD}"
EndProject
Project("{9A19103F-16F7-4668-BE54-9A1E7A4F7556}") = "SalesAssociateBlazorSPA.Client", "SalesAssociateBlazorSPA\Client\SalesAssociateBlazorSPA.Client.csproj", "{4D91D7B7-16AD-4933-965D-91A20FEF2DB1}"
EndProject
Project("{9A19103F-16F7-4668-BE54-9A1E7A4F7556}") = "SalesAssociateBlazorSPA.Shared", "SalesAssociateBlazorSPA\Shared\SalesAssociateBlazorSPA.Shared.csproj", "{4BA12F0B-9051-407D-AB1B-05AC1B596685}"
EndProject
Global
	GlobalSection(SolutionConfigurationPlatforms) = preSolution
		Debug|Any CPU = Debug|Any CPU
		Release|Any CPU = Release|Any CPU
	EndGlobalSection
	GlobalSection(ProjectConfigurationPlatforms) = postSolution
		{ADB2F71A-ECB4-47A8-93BD-B7239017B5BD}.Debug|Any CPU.ActiveCfg = Debug|Any CPU
		{ADB2F71A-ECB4-47A8-93BD-B7239017B5BD}.Debug|Any CPU.Build.0 = Debug|Any CPU
		{ADB2F71A-ECB4-47A8-93BD-B7239017B5BD}.Release|Any CPU.ActiveCfg = Release|Any CPU
		{ADB2F71A-ECB4-47A8-93BD-B7239017B5BD}.Release|Any CPU.Build.0 = Release|Any CPU
		{4D91D7B7-16AD-4933-965D-91A20FEF2DB1}.Debug|Any CPU.ActiveCfg = Debug|Any CPU
		{4D91D7B7-16AD-4933-965D-91A20FEF2DB1}.Debug|Any CPU.Build.0 = Debug|Any CPU
		{4D91D7B7-16AD-4933-965D-91A20FEF2DB1}.Release|Any CPU.ActiveCfg = Release|Any CPU
		{4D91D7B7-16AD-4933-965D-91A20FEF2DB1}.Release|Any CPU.Build.0 = Release|Any CPU
		{4BA12F0B-9051-407D-AB1B-05AC1B596685}.Debug|Any CPU.ActiveCfg = Debug|Any CPU
		{4BA12F0B-9051-407D-AB1B-05AC1B596685}.Debug|Any CPU.Build.0 = Debug|Any CPU
		{4BA12F0B-9051-407D-AB1B-05AC1B596685}.Release|Any CPU.ActiveCfg = Release|Any CPU
		{4BA12F0B-9051-407D-AB1B-05AC1B596685}.Release|Any CPU.Build.0 = Release|Any CPU
	EndGlobalSection
	GlobalSection(SolutionProperties) = preSolution
		HideSolutionNode = FALSE
	EndGlobalSection
	GlobalSection(ExtensibilityGlobals) = postSolution
		SolutionGuid = {C7FDF5FD-B569-4E5D-8922-014A8662A76B}
	EndGlobalSection
EndGlobal
